{
  "name": "rns-reverse",
  "version": "1.0.0",
  "lockfileVersion": 1,
  "requires": true,
  "dependencies": {
    "@rsksmart/rns-artifacts": {
      "version": "1.0.0",
      "resolved": "https://registry.npmjs.org/@rsksmart/rns-artifacts/-/rns-artifacts-1.0.0.tgz",
      "integrity": "sha512-6WElmNJT4UUgEZSmtvJVveQQVUeNdG6FnfFMXYIxeFW+/20xWD77svDOPPZ0ohHnWx3rZEWJ4lIMCbSJpTBm4g==",
      "dev": true,
      "requires": {
        "openzeppelin-solidity": "^2.3.0"
      }
    },
    "eth-ens-namehash": {
      "version": "2.0.8",
      "resolved": "https://registry.npmjs.org/eth-ens-namehash/-/eth-ens-namehash-2.0.8.tgz",
      "integrity": "sha1-IprEbsqG1S4MmR58sq74P/D2i88=",
      "requires": {
        "idna-uts46-hx": "^2.3.1",
        "js-sha3": "^0.5.7"
      }
    },
    "idna-uts46-hx": {
      "version": "2.3.1",
      "resolved": "https://registry.npmjs.org/idna-uts46-hx/-/idna-uts46-hx-2.3.1.tgz",
      "integrity": "sha512-PWoF9Keq6laYdIRwwCdhTPl60xRqAloYNMQLiyUnG42VjT53oW07BXIRM+NK7eQjzXjAk2gUvX9caRxlnF9TAA==",
      "requires": {
        "punycode": "2.1.0"
      }
    },
    "js-sha3": {
      "version": "0.5.7",
      "resolved": "https://registry.npmjs.org/js-sha3/-/js-sha3-0.5.7.tgz",
      "integrity": "sha1-DU/9gALVMzqrr0oj7tL2N0yfKOc="
    },
    "openzeppelin-solidity": {
      "version": "2.3.0",
      "resolved": "https://registry.npmjs.org/openzeppelin-solidity/-/openzeppelin-solidity-2.3.0.tgz",
      "integrity": "sha512-QYeiPLvB1oSbDt6lDQvvpx7k8ODczvE474hb2kLXZBPKMsxKT1WxTCHBYrCU7kS7hfAku4DcJ0jqOyL+jvjwQw==",
      "dev": true
    },
    "punycode": {
      "version": "2.1.0",
      "resolved": "https://registry.npmjs.org/punycode/-/punycode-2.1.0.tgz",
      "integrity": "sha1-X4Y+3Im5bbCQdLrXlHvwkFbKTn0="
    }
  }
}
